
Microsoft Visual Studio Solution File, Format Version 12.00
# Visual Studio 14
VisualStudioVersion = 14.0.25420.1
MinimumVisualStudioVersion = 10.0.40219.1
Project("{FAE04EC0-301F-11D3-BF4B-00C04F79EFBC}") = "webapi", "webapi\webapi.csproj", "{0213FF3F-3BA0-42D5-99C0-B7930EBF89A6}"
EndProject
Project("{FAE04EC0-301F-11D3-BF4B-00C04F79EFBC}") = "dal", "dal\dal.csproj", "{D189B014-8623-49E1-B3F0-2F943488CD01}"
EndProject
Global
	GlobalSection(SolutionConfigurationPlatforms) = preSolution
		Debug|Any CPU = Debug|Any CPU
		Release|Any CPU = Release|Any CPU
	EndGlobalSection
	GlobalSection(ProjectConfigurationPlatforms) = postSolution
		{0213FF3F-3BA0-42D5-99C0-B7930EBF89A6}.Debug|Any CPU.ActiveCfg = Debug|Any CPU
		{0213FF3F-3BA0-42D5-99C0-B7930EBF89A6}.Debug|Any CPU.Build.0 = Debug|Any CPU
		{0213FF3F-3BA0-42D5-99C0-B7930EBF89A6}.Release|Any CPU.ActiveCfg = Release|Any CPU
		{0213FF3F-3BA0-42D5-99C0-B7930EBF89A6}.Release|Any CPU.Build.0 = Release|Any CPU
		{D189B014-8623-49E1-B3F0-2F943488CD01}.Debug|Any CPU.ActiveCfg = Debug|Any CPU
		{D189B014-8623-49E1-B3F0-2F943488CD01}.Debug|Any CPU.Build.0 = Debug|Any CPU
		{D189B014-8623-49E1-B3F0-2F943488CD01}.Release|Any CPU.ActiveCfg = Release|Any CPU
		{D189B014-8623-49E1-B3F0-2F943488CD01}.Release|Any CPU.Build.0 = Release|Any CPU
	EndGlobalSection
	GlobalSection(SolutionProperties) = preSolution
		HideSolutionNode = FALSE
	EndGlobalSection
EndGlobal
