
Microsoft Visual Studio Solution File, Format Version 12.00
# Visual Studio 14
VisualStudioVersion = 14.0.25420.1
MinimumVisualStudioVersion = 10.0.40219.1
Project("{FAE04EC0-301F-11D3-BF4B-00C04F79EFBC}") = "todoApp", "todoApp\todoApp.csproj", "{F9888197-4DF1-4C7F-B484-5B79DD27F945}"
EndProject
Project("{FAE04EC0-301F-11D3-BF4B-00C04F79EFBC}") = "todoApp.Tests", "todoApp.Tests\todoApp.Tests.csproj", "{73EBAD68-3057-4479-BC98-7316518F5067}"
EndProject
Global
	GlobalSection(SolutionConfigurationPlatforms) = preSolution
		Debug|Any CPU = Debug|Any CPU
		Release|Any CPU = Release|Any CPU
	EndGlobalSection
	GlobalSection(ProjectConfigurationPlatforms) = postSolution
		{F9888197-4DF1-4C7F-B484-5B79DD27F945}.Debug|Any CPU.ActiveCfg = Debug|Any CPU
		{F9888197-4DF1-4C7F-B484-5B79DD27F945}.Debug|Any CPU.Build.0 = Debug|Any CPU
		{F9888197-4DF1-4C7F-B484-5B79DD27F945}.Release|Any CPU.ActiveCfg = Release|Any CPU
		{F9888197-4DF1-4C7F-B484-5B79DD27F945}.Release|Any CPU.Build.0 = Release|Any CPU
		{73EBAD68-3057-4479-BC98-7316518F5067}.Debug|Any CPU.ActiveCfg = Debug|Any CPU
		{73EBAD68-3057-4479-BC98-7316518F5067}.Debug|Any CPU.Build.0 = Debug|Any CPU
		{73EBAD68-3057-4479-BC98-7316518F5067}.Release|Any CPU.ActiveCfg = Release|Any CPU
		{73EBAD68-3057-4479-BC98-7316518F5067}.Release|Any CPU.Build.0 = Release|Any CPU
	EndGlobalSection
	GlobalSection(SolutionProperties) = preSolution
		HideSolutionNode = FALSE
	EndGlobalSection
EndGlobal
